
Microsoft Visual Studio Solution File, Format Version 12.00
# Visual Studio Version 16
VisualStudioVersion = 16.0.29418.71
MinimumVisualStudioVersion = 10.0.40219.1
Project("{FAE04EC0-301F-11D3-BF4B-00C04F79EFBC}") = "Exercise2", "Exercise2\Exercise2.csproj", "{F242EDCA-F8D4-4DA7-8F20-FE040B8F0BE0}"
EndProject
Global
	GlobalSection(SolutionConfigurationPlatforms) = preSolution
		Debug|Any CPU = Debug|Any CPU
		Release|Any CPU = Release|Any CPU
	EndGlobalSection
	GlobalSection(ProjectConfigurationPlatforms) = postSolution
		{F242EDCA-F8D4-4DA7-8F20-FE040B8F0BE0}.Debug|Any CPU.ActiveCfg = Debug|Any CPU
		{F242EDCA-F8D4-4DA7-8F20-FE040B8F0BE0}.Debug|Any CPU.Build.0 = Debug|Any CPU
		{F242EDCA-F8D4-4DA7-8F20-FE040B8F0BE0}.Release|Any CPU.ActiveCfg = Release|Any CPU
		{F242EDCA-F8D4-4DA7-8F20-FE040B8F0BE0}.Release|Any CPU.Build.0 = Release|Any CPU
	EndGlobalSection
	GlobalSection(SolutionProperties) = preSolution
		HideSolutionNode = FALSE
	EndGlobalSection
	GlobalSection(ExtensibilityGlobals) = postSolution
		SolutionGuid = {A79681EC-272D-49C4-B410-613E1C0371BC}
	EndGlobalSection
EndGlobal
